# THIS IS AN AUTOGENERATED FILE. DO NOT EDIT THIS FILE DIRECTLY.
# yarn lockfile v1


"ansi-regex@^3.0.0":
  "integrity" "sha1-7QMXwyIGT3lGbAKWa922Bas32Zg="
  "resolved" "https://registry.npmjs.org/ansi-regex/-/ansi-regex-3.0.0.tgz"
  "version" "3.0.0"

"cross-spawn@^5.1.0":
  "integrity" "sha1-6L0O/uWPz/b4+UUQoKVUu/ojVEk="
  "resolved" "https://registry.npmjs.org/cross-spawn/-/cross-spawn-5.1.0.tgz"
  "version" "5.1.0"
  dependencies:
    "lru-cache" "^4.0.1"
    "shebang-command" "^1.2.0"
    "which" "^1.2.9"

"duplexer@~0.1.1":
  "integrity" "sha512-jtD6YG370ZCIi/9GTaJKQxWTZD045+4R4hTk/x1UyoqadyJ9x9CgSi1RlVDQF8U2sxLLSnFkCaMihqljHIWgMg=="
  "resolved" "https://registry.npmjs.org/duplexer/-/duplexer-0.1.2.tgz"
  "version" "0.1.2"

"event-stream@=3.3.4":
  "integrity" "sha1-SrTJoPWlTbkzi0w02Gv86PSzVXE="
  "resolved" "https://registry.npmjs.org/event-stream/-/event-stream-3.3.4.tgz"
  "version" "3.3.4"
  dependencies:
    "duplexer" "~0.1.1"
    "from" "~0"
    "map-stream" "~0.1.0"
    "pause-stream" "0.0.11"
    "split" "0.3"
    "stream-combiner" "~0.0.4"
    "through" "~2.3.1"

"from@~0":
  "integrity" "sha1-g8YK/Fi5xWmXAH7Rp2izqzA6RP4="
  "resolved" "https://registry.npmjs.org/from/-/from-0.1.7.tgz"
  "version" "0.1.7"

"isexe@^2.0.0":
  "integrity" "sha1-6PvzdNxVb/iUehDcsFctYz8s+hA="
  "resolved" "https://registry.npmjs.org/isexe/-/isexe-2.0.0.tgz"
  "version" "2.0.0"

"lru-cache@^4.0.1":
  "integrity" "sha512-sWZlbEP2OsHNkXrMl5GYk/jKk70MBng6UU4YI/qGDYbgf6YbP4EvmqISbXCoJiRKs+1bSpFHVgQxvJ17F2li5g=="
  "resolved" "https://registry.npmjs.org/lru-cache/-/lru-cache-4.1.5.tgz"
  "version" "4.1.5"
  dependencies:
    "pseudomap" "^1.0.2"
    "yallist" "^2.1.2"

"map-stream@~0.1.0":
  "integrity" "sha1-5WqpTEyAVaFkBKBnS3jyFffI4ZQ="
  "resolved" "https://registry.npmjs.org/map-stream/-/map-stream-0.1.0.tgz"
  "version" "0.1.0"

"node-cleanup@^2.1.2":
  "integrity" "sha1-esGavSl+Caf3KnFUXZUbUX5N3iw="
  "resolved" "https://registry.npmjs.org/node-cleanup/-/node-cleanup-2.1.2.tgz"
  "version" "2.1.2"

"pause-stream@0.0.11":
  "integrity" "sha1-/lo0sMvOErWqaitAPuLnO2AvFEU="
  "resolved" "https://registry.npmjs.org/pause-stream/-/pause-stream-0.0.11.tgz"
  "version" "0.0.11"
  dependencies:
    "through" "~2.3"

"ps-tree@^1.2.0":
  "integrity" "sha512-0VnamPPYHl4uaU/nSFeZZpR21QAWRz+sRv4iW9+v/GS/J5U5iZB5BNN6J0RMoOvdx2gWM2+ZFMIm58q24e4UYA=="
  "resolved" "https://registry.npmjs.org/ps-tree/-/ps-tree-1.2.0.tgz"
  "version" "1.2.0"
  dependencies:
    "event-stream" "=3.3.4"

"pseudomap@^1.0.2":
  "integrity" "sha1-8FKijacOYYkX7wqKw0wa5aaChrM="
  "resolved" "https://registry.npmjs.org/pseudomap/-/pseudomap-1.0.2.tgz"
  "version" "1.0.2"

"shebang-command@^1.2.0":
  "integrity" "sha1-RKrGW2lbAzmJaMOfNj/uXer98eo="
  "resolved" "https://registry.npmjs.org/shebang-command/-/shebang-command-1.2.0.tgz"
  "version" "1.2.0"
  dependencies:
    "shebang-regex" "^1.0.0"

"shebang-regex@^1.0.0":
  "integrity" "sha1-2kL0l0DAtC2yypcoVxyxkMmO/qM="
  "resolved" "https://registry.npmjs.org/shebang-regex/-/shebang-regex-1.0.0.tgz"
  "version" "1.0.0"

"split@0.3":
  "integrity" "sha1-zQ7qXmOiEd//frDwkcQTPi0N0o8="
  "resolved" "https://registry.npmjs.org/split/-/split-0.3.3.tgz"
  "version" "0.3.3"
  dependencies:
    "through" "2"

"stream-combiner@~0.0.4":
  "integrity" "sha1-TV5DPBhSYd3mI8o/RMWGvPXErRQ="
  "resolved" "https://registry.npmjs.org/stream-combiner/-/stream-combiner-0.0.4.tgz"
  "version" "0.0.4"
  dependencies:
    "duplexer" "~0.1.1"

"string-argv@^0.1.1":
  "integrity" "sha512-mBqPGEOMNJKXRo7z0keX0wlAhbBAjilUdPW13nN0PecVryZxdHIeM7TqbsSUA7VYuS00HGC6mojP7DlQzfa9ZA=="
  "resolved" "https://registry.npmjs.org/string-argv/-/string-argv-0.1.2.tgz"
  "version" "0.1.2"

"strip-ansi@^4.0.0":
  "integrity" "sha1-qEeQIusaw2iocTibY1JixQXuNo8="
  "resolved" "https://registry.npmjs.org/strip-ansi/-/strip-ansi-4.0.0.tgz"
  "version" "4.0.0"
  dependencies:
    "ansi-regex" "^3.0.0"

"through@~2.3", "through@~2.3.1", "through@2":
  "integrity" "sha1-DdTJ/6q8NXlgsbckEV1+Doai4fU="
  "resolved" "https://registry.npmjs.org/through/-/through-2.3.8.tgz"
  "version" "2.3.8"

"tsc-watch@^1.1.39":
  "integrity" "sha512-+TClwG3mX//n37Zkq4MTfty/+v8BQfvgizcGBcCOQMShZ8Y3wUwfvzQf2jDxsNzAY+XDNDUknMvVb77HLQg/Og=="
  "resolved" "https://registry.npmjs.org/tsc-watch/-/tsc-watch-1.1.39.tgz"
  "version" "1.1.39"
  dependencies:
    "cross-spawn" "^5.1.0"
    "node-cleanup" "^2.1.2"
    "ps-tree" "^1.2.0"
    "string-argv" "^0.1.1"
    "strip-ansi" "^4.0.0"

"typescript@*":
  "integrity" "sha512-TCTIul70LyWe6IJWT8QSYeA54WQe8EjQFU4wY52Fasj5UKx88LNYKCgBEHcOMOrFF1rKGbD8v/xcNWVUq9SymA=="
  "resolved" "https://registry.npmjs.org/typescript/-/typescript-4.5.5.tgz"
  "version" "4.5.5"

"which@^1.2.9":
  "integrity" "sha512-HxJdYWq1MTIQbJ3nw0cqssHoTNU267KlrDuGZ1WYlxDStUtKUhOaJmh112/TZmHxxUfuJqPXSOm7tDyas0OSIQ=="
  "resolved" "https://registry.npmjs.org/which/-/which-1.3.1.tgz"
  "version" "1.3.1"
  dependencies:
    "isexe" "^2.0.0"

"yallist@^2.1.2":
  "integrity" "sha1-HBH5IY8HYImkfdUS+TxmmaaoHVI="
  "resolved" "https://registry.npmjs.org/yallist/-/yallist-2.1.2.tgz"
  "version" "2.1.2"
